
Microsoft Visual Studio Solution File, Format Version 12.00
# Visual Studio 14
VisualStudioVersion = 14.0.25123.0
MinimumVisualStudioVersion = 10.0.40219.1
Project("{FAE04EC0-301F-11D3-BF4B-00C04F79EFBC}") = "JGCProject.UI", "JGCProject.UI\JGCProject.UI.csproj", "{3B3DEB9D-C049-4B42-ADF7-FA0589C7AC07}"
EndProject
Project("{FAE04EC0-301F-11D3-BF4B-00C04F79EFBC}") = "JGCProject.DAL", "JGCProject.DAL\JGCProject.DAL.csproj", "{A971972A-8EAD-4333-B000-586F12432FDD}"
EndProject
Project("{FAE04EC0-301F-11D3-BF4B-00C04F79EFBC}") = "JGCProject.BLL", "JGCProject.BLL\JGCProject.BLL.csproj", "{E6147AFF-BE49-4CC7-8CF2-9A0B9D046A68}"
EndProject
Project("{FAE04EC0-301F-11D3-BF4B-00C04F79EFBC}") = "JGCProject.Models", "JGCProject.Models\JGCProject.Models.csproj", "{35CDBEC9-82E6-4EE5-8D33-DF51E7E0A38F}"
EndProject
Project("{FAE04EC0-301F-11D3-BF4B-00C04F79EFBC}") = "JGCProject.UT", "JGCProject.UT\JGCProject.UT.csproj", "{70EA0758-4F52-445B-827C-7B35F815039C}"
EndProject
Project("{FAE04EC0-301F-11D3-BF4B-00C04F79EFBC}") = "JGCProject.Interfaces", "JGCProject.Interfaces\JGCProject.Interfaces.csproj", "{3F7B9E6E-C0BD-4B47-B987-C2947D94955F}"
EndProject
Project("{FAE04EC0-301F-11D3-BF4B-00C04F79EFBC}") = "JGCProject.UIP", "JGCProject.UIP\JGCProject.UIP.csproj", "{F2677CD6-3D2A-40AA-8A25-B914774A79A3}"
EndProject
Global
	GlobalSection(SolutionConfigurationPlatforms) = preSolution
		Debug|Any CPU = Debug|Any CPU
		Debug|ARM = Debug|ARM
		Debug|x64 = Debug|x64
		Debug|x86 = Debug|x86
		Release|Any CPU = Release|Any CPU
		Release|ARM = Release|ARM
		Release|x64 = Release|x64
		Release|x86 = Release|x86
	EndGlobalSection
	GlobalSection(ProjectConfigurationPlatforms) = postSolution
		{3B3DEB9D-C049-4B42-ADF7-FA0589C7AC07}.Debug|Any CPU.ActiveCfg = Debug|Any CPU
		{3B3DEB9D-C049-4B42-ADF7-FA0589C7AC07}.Debug|Any CPU.Build.0 = Debug|Any CPU
		{3B3DEB9D-C049-4B42-ADF7-FA0589C7AC07}.Debug|ARM.ActiveCfg = Debug|Any CPU
		{3B3DEB9D-C049-4B42-ADF7-FA0589C7AC07}.Debug|ARM.Build.0 = Debug|Any CPU
		{3B3DEB9D-C049-4B42-ADF7-FA0589C7AC07}.Debug|x64.ActiveCfg = Debug|Any CPU
		{3B3DEB9D-C049-4B42-ADF7-FA0589C7AC07}.Debug|x64.Build.0 = Debug|Any CPU
		{3B3DEB9D-C049-4B42-ADF7-FA0589C7AC07}.Debug|x86.ActiveCfg = Debug|Any CPU
		{3B3DEB9D-C049-4B42-ADF7-FA0589C7AC07}.Debug|x86.Build.0 = Debug|Any CPU
		{3B3DEB9D-C049-4B42-ADF7-FA0589C7AC07}.Release|Any CPU.ActiveCfg = Release|Any CPU
		{3B3DEB9D-C049-4B42-ADF7-FA0589C7AC07}.Release|Any CPU.Build.0 = Release|Any CPU
		{3B3DEB9D-C049-4B42-ADF7-FA0589C7AC07}.Release|ARM.ActiveCfg = Release|Any CPU
		{3B3DEB9D-C049-4B42-ADF7-FA0589C7AC07}.Release|ARM.Build.0 = Release|Any CPU
		{3B3DEB9D-C049-4B42-ADF7-FA0589C7AC07}.Release|x64.ActiveCfg = Release|Any CPU
		{3B3DEB9D-C049-4B42-ADF7-FA0589C7AC07}.Release|x64.Build.0 = Release|Any CPU
		{3B3DEB9D-C049-4B42-ADF7-FA0589C7AC07}.Release|x86.ActiveCfg = Release|Any CPU
		{3B3DEB9D-C049-4B42-ADF7-FA0589C7AC07}.Release|x86.Build.0 = Release|Any CPU
		{A971972A-8EAD-4333-B000-586F12432FDD}.Debug|Any CPU.ActiveCfg = Debug|Any CPU
		{A971972A-8EAD-4333-B000-586F12432FDD}.Debug|Any CPU.Build.0 = Debug|Any CPU
		{A971972A-8EAD-4333-B000-586F12432FDD}.Debug|ARM.ActiveCfg = Debug|Any CPU
		{A971972A-8EAD-4333-B000-586F12432FDD}.Debug|ARM.Build.0 = Debug|Any CPU
		{A971972A-8EAD-4333-B000-586F12432FDD}.Debug|x64.ActiveCfg = Debug|Any CPU
		{A971972A-8EAD-4333-B000-586F12432FDD}.Debug|x64.Build.0 = Debug|Any CPU
		{A971972A-8EAD-4333-B000-586F12432FDD}.Debug|x86.ActiveCfg = Debug|Any CPU
		{A971972A-8EAD-4333-B000-586F12432FDD}.Debug|x86.Build.0 = Debug|Any CPU
		{A971972A-8EAD-4333-B000-586F12432FDD}.Release|Any CPU.ActiveCfg = Release|Any CPU
		{A971972A-8EAD-4333-B000-586F12432FDD}.Release|Any CPU.Build.0 = Release|Any CPU
		{A971972A-8EAD-4333-B000-586F12432FDD}.Release|ARM.ActiveCfg = Release|Any CPU
		{A971972A-8EAD-4333-B000-586F12432FDD}.Release|ARM.Build.0 = Release|Any CPU
		{A971972A-8EAD-4333-B000-586F12432FDD}.Release|x64.ActiveCfg = Release|Any CPU
		{A971972A-8EAD-4333-B000-586F12432FDD}.Release|x64.Build.0 = Release|Any CPU
		{A971972A-8EAD-4333-B000-586F12432FDD}.Release|x86.ActiveCfg = Release|Any CPU
		{A971972A-8EAD-4333-B000-586F12432FDD}.Release|x86.Build.0 = Release|Any CPU
		{E6147AFF-BE49-4CC7-8CF2-9A0B9D046A68}.Debug|Any CPU.ActiveCfg = Debug|Any CPU
		{E6147AFF-BE49-4CC7-8CF2-9A0B9D046A68}.Debug|Any CPU.Build.0 = Debug|Any CPU
		{E6147AFF-BE49-4CC7-8CF2-9A0B9D046A68}.Debug|ARM.ActiveCfg = Debug|Any CPU
		{E6147AFF-BE49-4CC7-8CF2-9A0B9D046A68}.Debug|ARM.Build.0 = Debug|Any CPU
		{E6147AFF-BE49-4CC7-8CF2-9A0B9D046A68}.Debug|x64.ActiveCfg = Debug|Any CPU
		{E6147AFF-BE49-4CC7-8CF2-9A0B9D046A68}.Debug|x64.Build.0 = Debug|Any CPU
		{E6147AFF-BE49-4CC7-8CF2-9A0B9D046A68}.Debug|x86.ActiveCfg = Debug|Any CPU
		{E6147AFF-BE49-4CC7-8CF2-9A0B9D046A68}.Debug|x86.Build.0 = Debug|Any CPU
		{E6147AFF-BE49-4CC7-8CF2-9A0B9D046A68}.Release|Any CPU.ActiveCfg = Release|Any CPU
		{E6147AFF-BE49-4CC7-8CF2-9A0B9D046A68}.Release|Any CPU.Build.0 = Release|Any CPU
		{E6147AFF-BE49-4CC7-8CF2-9A0B9D046A68}.Release|ARM.ActiveCfg = Release|Any CPU
		{E6147AFF-BE49-4CC7-8CF2-9A0B9D046A68}.Release|ARM.Build.0 = Release|Any CPU
		{E6147AFF-BE49-4CC7-8CF2-9A0B9D046A68}.Release|x64.ActiveCfg = Release|Any CPU
		{E6147AFF-BE49-4CC7-8CF2-9A0B9D046A68}.Release|x64.Build.0 = Release|Any CPU
		{E6147AFF-BE49-4CC7-8CF2-9A0B9D046A68}.Release|x86.ActiveCfg = Release|Any CPU
		{E6147AFF-BE49-4CC7-8CF2-9A0B9D046A68}.Release|x86.Build.0 = Release|Any CPU
		{35CDBEC9-82E6-4EE5-8D33-DF51E7E0A38F}.Debug|Any CPU.ActiveCfg = Debug|Any CPU
		{35CDBEC9-82E6-4EE5-8D33-DF51E7E0A38F}.Debug|Any CPU.Build.0 = Debug|Any CPU
		{35CDBEC9-82E6-4EE5-8D33-DF51E7E0A38F}.Debug|ARM.ActiveCfg = Debug|Any CPU
		{35CDBEC9-82E6-4EE5-8D33-DF51E7E0A38F}.Debug|ARM.Build.0 = Debug|Any CPU
		{35CDBEC9-82E6-4EE5-8D33-DF51E7E0A38F}.Debug|x64.ActiveCfg = Debug|Any CPU
		{35CDBEC9-82E6-4EE5-8D33-DF51E7E0A38F}.Debug|x64.Build.0 = Debug|Any CPU
		{35CDBEC9-82E6-4EE5-8D33-DF51E7E0A38F}.Debug|x86.ActiveCfg = Debug|Any CPU
		{35CDBEC9-82E6-4EE5-8D33-DF51E7E0A38F}.Debug|x86.Build.0 = Debug|Any CPU
		{35CDBEC9-82E6-4EE5-8D33-DF51E7E0A38F}.Release|Any CPU.ActiveCfg = Release|Any CPU
		{35CDBEC9-82E6-4EE5-8D33-DF51E7E0A38F}.Release|Any CPU.Build.0 = Release|Any CPU
		{35CDBEC9-82E6-4EE5-8D33-DF51E7E0A38F}.Release|ARM.ActiveCfg = Release|Any CPU
		{35CDBEC9-82E6-4EE5-8D33-DF51E7E0A38F}.Release|ARM.Build.0 = Release|Any CPU
		{35CDBEC9-82E6-4EE5-8D33-DF51E7E0A38F}.Release|x64.ActiveCfg = Release|Any CPU
		{35CDBEC9-82E6-4EE5-8D33-DF51E7E0A38F}.Release|x64.Build.0 = Release|Any CPU
		{35CDBEC9-82E6-4EE5-8D33-DF51E7E0A38F}.Release|x86.ActiveCfg = Release|Any CPU
		{35CDBEC9-82E6-4EE5-8D33-DF51E7E0A38F}.Release|x86.Build.0 = Release|Any CPU
		{70EA0758-4F52-445B-827C-7B35F815039C}.Debug|Any CPU.ActiveCfg = Debug|Any CPU
		{70EA0758-4F52-445B-827C-7B35F815039C}.Debug|Any CPU.Build.0 = Debug|Any CPU
		{70EA0758-4F52-445B-827C-7B35F815039C}.Debug|ARM.ActiveCfg = Debug|Any CPU
		{70EA0758-4F52-445B-827C-7B35F815039C}.Debug|ARM.Build.0 = Debug|Any CPU
		{70EA0758-4F52-445B-827C-7B35F815039C}.Debug|x64.ActiveCfg = Debug|Any CPU
		{70EA0758-4F52-445B-827C-7B35F815039C}.Debug|x64.Build.0 = Debug|Any CPU
		{70EA0758-4F52-445B-827C-7B35F815039C}.Debug|x86.ActiveCfg = Debug|Any CPU
		{70EA0758-4F52-445B-827C-7B35F815039C}.Debug|x86.Build.0 = Debug|Any CPU
		{70EA0758-4F52-445B-827C-7B35F815039C}.Release|Any CPU.ActiveCfg = Release|Any CPU
		{70EA0758-4F52-445B-827C-7B35F815039C}.Release|Any CPU.Build.0 = Release|Any CPU
		{70EA0758-4F52-445B-827C-7B35F815039C}.Release|ARM.ActiveCfg = Release|Any CPU
		{70EA0758-4F52-445B-827C-7B35F815039C}.Release|ARM.Build.0 = Release|Any CPU
		{70EA0758-4F52-445B-827C-7B35F815039C}.Release|x64.ActiveCfg = Release|Any CPU
		{70EA0758-4F52-445B-827C-7B35F815039C}.Release|x64.Build.0 = Release|Any CPU
		{70EA0758-4F52-445B-827C-7B35F815039C}.Release|x86.ActiveCfg = Release|Any CPU
		{70EA0758-4F52-445B-827C-7B35F815039C}.Release|x86.Build.0 = Release|Any CPU
		{3F7B9E6E-C0BD-4B47-B987-C2947D94955F}.Debug|Any CPU.ActiveCfg = Debug|Any CPU
		{3F7B9E6E-C0BD-4B47-B987-C2947D94955F}.Debug|Any CPU.Build.0 = Debug|Any CPU
		{3F7B9E6E-C0BD-4B47-B987-C2947D94955F}.Debug|ARM.ActiveCfg = Debug|Any CPU
		{3F7B9E6E-C0BD-4B47-B987-C2947D94955F}.Debug|ARM.Build.0 = Debug|Any CPU
		{3F7B9E6E-C0BD-4B47-B987-C2947D94955F}.Debug|x64.ActiveCfg = Debug|Any CPU
		{3F7B9E6E-C0BD-4B47-B987-C2947D94955F}.Debug|x64.Build.0 = Debug|Any CPU
		{3F7B9E6E-C0BD-4B47-B987-C2947D94955F}.Debug|x86.ActiveCfg = Debug|Any CPU
		{3F7B9E6E-C0BD-4B47-B987-C2947D94955F}.Debug|x86.Build.0 = Debug|Any CPU
		{3F7B9E6E-C0BD-4B47-B987-C2947D94955F}.Release|Any CPU.ActiveCfg = Release|Any CPU
		{3F7B9E6E-C0BD-4B47-B987-C2947D94955F}.Release|Any CPU.Build.0 = Release|Any CPU
		{3F7B9E6E-C0BD-4B47-B987-C2947D94955F}.Release|ARM.ActiveCfg = Release|Any CPU
		{3F7B9E6E-C0BD-4B47-B987-C2947D94955F}.Release|ARM.Build.0 = Release|Any CPU
		{3F7B9E6E-C0BD-4B47-B987-C2947D94955F}.Release|x64.ActiveCfg = Release|Any CPU
		{3F7B9E6E-C0BD-4B47-B987-C2947D94955F}.Release|x64.Build.0 = Release|Any CPU
		{3F7B9E6E-C0BD-4B47-B987-C2947D94955F}.Release|x86.ActiveCfg = Release|Any CPU
		{3F7B9E6E-C0BD-4B47-B987-C2947D94955F}.Release|x86.Build.0 = Release|Any CPU
		{F2677CD6-3D2A-40AA-8A25-B914774A79A3}.Debug|Any CPU.ActiveCfg = Debug|Any CPU
		{F2677CD6-3D2A-40AA-8A25-B914774A79A3}.Debug|Any CPU.Build.0 = Debug|Any CPU
		{F2677CD6-3D2A-40AA-8A25-B914774A79A3}.Debug|ARM.ActiveCfg = Debug|Any CPU
		{F2677CD6-3D2A-40AA-8A25-B914774A79A3}.Debug|ARM.Build.0 = Debug|Any CPU
		{F2677CD6-3D2A-40AA-8A25-B914774A79A3}.Debug|x64.ActiveCfg = Debug|Any CPU
		{F2677CD6-3D2A-40AA-8A25-B914774A79A3}.Debug|x64.Build.0 = Debug|Any CPU
		{F2677CD6-3D2A-40AA-8A25-B914774A79A3}.Debug|x86.ActiveCfg = Debug|Any CPU
		{F2677CD6-3D2A-40AA-8A25-B914774A79A3}.Debug|x86.Build.0 = Debug|Any CPU
		{F2677CD6-3D2A-40AA-8A25-B914774A79A3}.Release|Any CPU.ActiveCfg = Release|Any CPU
		{F2677CD6-3D2A-40AA-8A25-B914774A79A3}.Release|Any CPU.Build.0 = Release|Any CPU
		{F2677CD6-3D2A-40AA-8A25-B914774A79A3}.Release|ARM.ActiveCfg = Release|Any CPU
		{F2677CD6-3D2A-40AA-8A25-B914774A79A3}.Release|ARM.Build.0 = Release|Any CPU
		{F2677CD6-3D2A-40AA-8A25-B914774A79A3}.Release|x64.ActiveCfg = Release|Any CPU
		{F2677CD6-3D2A-40AA-8A25-B914774A79A3}.Release|x64.Build.0 = Release|Any CPU
		{F2677CD6-3D2A-40AA-8A25-B914774A79A3}.Release|x86.ActiveCfg = Release|Any CPU
		{F2677CD6-3D2A-40AA-8A25-B914774A79A3}.Release|x86.Build.0 = Release|Any CPU
	EndGlobalSection
	GlobalSection(SolutionProperties) = preSolution
		HideSolutionNode = FALSE
	EndGlobalSection
EndGlobal
